
Microsoft Visual Studio Solution File, Format Version 12.00
# Visual Studio Version 17
VisualStudioVersion = 17.0.31611.283
MinimumVisualStudioVersion = 10.0.40219.1
Project("{9A19103F-16F7-4668-BE54-9A1E7A4F7556}") = "NewsFilter-4-semester", "NewsFilter-4-semester\NewsFilter-4-semester.csproj", "{8F9E9498-C53F-4891-9F8D-A0E740BBD559}"
EndProject
Project("{9A19103F-16F7-4668-BE54-9A1E7A4F7556}") = "NewsFilter-4-semester.Library", "NewsFilter-4-semester.Library\NewsFilter-4-semester.Library.csproj", "{1909E254-5193-4361-81FB-94B60C3B7B07}"
EndProject
Global
	GlobalSection(SolutionConfigurationPlatforms) = preSolution
		Debug|Any CPU = Debug|Any CPU
		Release|Any CPU = Release|Any CPU
	EndGlobalSection
	GlobalSection(ProjectConfigurationPlatforms) = postSolution
		{8F9E9498-C53F-4891-9F8D-A0E740BBD559}.Debug|Any CPU.ActiveCfg = Debug|Any CPU
		{8F9E9498-C53F-4891-9F8D-A0E740BBD559}.Debug|Any CPU.Build.0 = Debug|Any CPU
		{8F9E9498-C53F-4891-9F8D-A0E740BBD559}.Debug|Any CPU.Deploy.0 = Debug|Any CPU
		{8F9E9498-C53F-4891-9F8D-A0E740BBD559}.Release|Any CPU.ActiveCfg = Release|Any CPU
		{8F9E9498-C53F-4891-9F8D-A0E740BBD559}.Release|Any CPU.Build.0 = Release|Any CPU
		{8F9E9498-C53F-4891-9F8D-A0E740BBD559}.Release|Any CPU.Deploy.0 = Release|Any CPU
		{1909E254-5193-4361-81FB-94B60C3B7B07}.Debug|Any CPU.ActiveCfg = Debug|Any CPU
		{1909E254-5193-4361-81FB-94B60C3B7B07}.Debug|Any CPU.Build.0 = Debug|Any CPU
		{1909E254-5193-4361-81FB-94B60C3B7B07}.Release|Any CPU.ActiveCfg = Release|Any CPU
		{1909E254-5193-4361-81FB-94B60C3B7B07}.Release|Any CPU.Build.0 = Release|Any CPU
	EndGlobalSection
	GlobalSection(SolutionProperties) = preSolution
		HideSolutionNode = FALSE
	EndGlobalSection
	GlobalSection(ExtensibilityGlobals) = postSolution
		SolutionGuid = {61F7FB11-1E47-470C-91E2-47F8143E1572}
	EndGlobalSection
EndGlobal
